
Microsoft Visual Studio Solution File, Format Version 12.00
# Visual Studio 15
VisualStudioVersion = 15.0.27703.2026
MinimumVisualStudioVersion = 10.0.40219.1
Project("{9A19103F-16F7-4668-BE54-9A1E7A4F7556}") = "Library", "Library\Library.csproj", "{C714FDF8-3114-4CF1-A766-F5A01E3B450A}"
EndProject
Project("{9A19103F-16F7-4668-BE54-9A1E7A4F7556}") = "LibraryData", "LibraryData\LibraryData.csproj", "{B6D97DCE-67E9-47E4-8E5F-881A1C3C66EC}"
EndProject
Project("{9A19103F-16F7-4668-BE54-9A1E7A4F7556}") = "LibraryServices", "LibraryServices\LibraryServices.csproj", "{05BF5E8C-18EC-4C5B-87FD-DCC48C3D6B11}"
EndProject
Global
	GlobalSection(SolutionConfigurationPlatforms) = preSolution
		Debug|Any CPU = Debug|Any CPU
		Release|Any CPU = Release|Any CPU
	EndGlobalSection
	GlobalSection(ProjectConfigurationPlatforms) = postSolution
		{C714FDF8-3114-4CF1-A766-F5A01E3B450A}.Debug|Any CPU.ActiveCfg = Debug|Any CPU
		{C714FDF8-3114-4CF1-A766-F5A01E3B450A}.Debug|Any CPU.Build.0 = Debug|Any CPU
		{C714FDF8-3114-4CF1-A766-F5A01E3B450A}.Release|Any CPU.ActiveCfg = Release|Any CPU
		{C714FDF8-3114-4CF1-A766-F5A01E3B450A}.Release|Any CPU.Build.0 = Release|Any CPU
		{B6D97DCE-67E9-47E4-8E5F-881A1C3C66EC}.Debug|Any CPU.ActiveCfg = Debug|Any CPU
		{B6D97DCE-67E9-47E4-8E5F-881A1C3C66EC}.Debug|Any CPU.Build.0 = Debug|Any CPU
		{B6D97DCE-67E9-47E4-8E5F-881A1C3C66EC}.Release|Any CPU.ActiveCfg = Release|Any CPU
		{B6D97DCE-67E9-47E4-8E5F-881A1C3C66EC}.Release|Any CPU.Build.0 = Release|Any CPU
		{05BF5E8C-18EC-4C5B-87FD-DCC48C3D6B11}.Debug|Any CPU.ActiveCfg = Debug|Any CPU
		{05BF5E8C-18EC-4C5B-87FD-DCC48C3D6B11}.Debug|Any CPU.Build.0 = Debug|Any CPU
		{05BF5E8C-18EC-4C5B-87FD-DCC48C3D6B11}.Release|Any CPU.ActiveCfg = Release|Any CPU
		{05BF5E8C-18EC-4C5B-87FD-DCC48C3D6B11}.Release|Any CPU.Build.0 = Release|Any CPU
	EndGlobalSection
	GlobalSection(SolutionProperties) = preSolution
		HideSolutionNode = FALSE
	EndGlobalSection
	GlobalSection(ExtensibilityGlobals) = postSolution
		SolutionGuid = {6A194B9E-674E-4C9B-9B23-6109809BD458}
	EndGlobalSection
EndGlobal
